
Microsoft Visual Studio Solution File, Format Version 11.00
# Visual Studio 2010
Project("{FAE04EC0-301F-11D3-BF4B-00C04F79EFBC}") = "Assembly-CSharp", "Assembly-CSharp.csproj", "{A08F3997-4856-C871-2F9A-50EE55F91D93}"
EndProject
Project("{FAE04EC0-301F-11D3-BF4B-00C04F79EFBC}") = "Assembly-CSharp-Editor", "Assembly-CSharp-Editor.csproj", "{856B7701-2CE7-E42A-E7E8-B305E7363708}"
EndProject
Global
	GlobalSection(SolutionConfigurationPlatforms) = preSolution
		Debug|Any CPU = Debug|Any CPU
		Release|Any CPU = Release|Any CPU
	EndGlobalSection
	GlobalSection(ProjectConfigurationPlatforms) = postSolution
		{A08F3997-4856-C871-2F9A-50EE55F91D93}.Debug|Any CPU.ActiveCfg = Debug|Any CPU
		{A08F3997-4856-C871-2F9A-50EE55F91D93}.Debug|Any CPU.Build.0 = Debug|Any CPU
		{A08F3997-4856-C871-2F9A-50EE55F91D93}.Release|Any CPU.ActiveCfg = Release|Any CPU
		{A08F3997-4856-C871-2F9A-50EE55F91D93}.Release|Any CPU.Build.0 = Release|Any CPU
		{856B7701-2CE7-E42A-E7E8-B305E7363708}.Debug|Any CPU.ActiveCfg = Debug|Any CPU
		{856B7701-2CE7-E42A-E7E8-B305E7363708}.Debug|Any CPU.Build.0 = Debug|Any CPU
		{856B7701-2CE7-E42A-E7E8-B305E7363708}.Release|Any CPU.ActiveCfg = Release|Any CPU
		{856B7701-2CE7-E42A-E7E8-B305E7363708}.Release|Any CPU.Build.0 = Release|Any CPU
	EndGlobalSection
	GlobalSection(SolutionProperties) = preSolution
		HideSolutionNode = FALSE
	EndGlobalSection
	GlobalSection(MonoDevelopProperties) = preSolution
		StartupItem = Assembly-CSharp.csproj
	EndGlobalSection
EndGlobal
